
Microsoft Visual Studio Solution File, Format Version 12.00
# Visual Studio 14
VisualStudioVersion = 14.0.25123.0
MinimumVisualStudioVersion = 10.0.40219.1
Project("{FAE04EC0-301F-11D3-BF4B-00C04F79EFBC}") = "A17_Ex01_1", "A17_Ex01_1\A17_Ex01_1.csproj", "{29CFB15A-7D88-46DF-86D4-A333748C2D2F}"
EndProject
Project("{FAE04EC0-301F-11D3-BF4B-00C04F79EFBC}") = "A17_Ex01_2", "A17_Ex01_2\A17_Ex01_2.csproj", "{A2E29CC3-A099-4DB9-84C4-4387E15D2E2A}"
EndProject
Project("{FAE04EC0-301F-11D3-BF4B-00C04F79EFBC}") = "A17_Ex01_3", "A17_Ex01_3\A17_Ex01_3.csproj", "{A5B3C6BA-E67D-4AE6-B811-5ABB8AAD0C0B}"
EndProject
Project("{FAE04EC0-301F-11D3-BF4B-00C04F79EFBC}") = "A17_Ex01_4", "A17_Ex01_4\A17_Ex01_4.csproj", "{6BC5399D-5BCD-4D82-A4B3-42789BDF70C3}"
EndProject
Project("{FAE04EC0-301F-11D3-BF4B-00C04F79EFBC}") = "A17_Ex01_5", "A17_Ex01_5\A17_Ex01_5.csproj", "{1FDC3A63-E024-4165-BEE2-8065E85E275A}"
EndProject
Global
	GlobalSection(SolutionConfigurationPlatforms) = preSolution
		Debug|Any CPU = Debug|Any CPU
		Release|Any CPU = Release|Any CPU
	EndGlobalSection
	GlobalSection(ProjectConfigurationPlatforms) = postSolution
		{29CFB15A-7D88-46DF-86D4-A333748C2D2F}.Debug|Any CPU.ActiveCfg = Debug|Any CPU
		{29CFB15A-7D88-46DF-86D4-A333748C2D2F}.Debug|Any CPU.Build.0 = Debug|Any CPU
		{29CFB15A-7D88-46DF-86D4-A333748C2D2F}.Release|Any CPU.ActiveCfg = Release|Any CPU
		{29CFB15A-7D88-46DF-86D4-A333748C2D2F}.Release|Any CPU.Build.0 = Release|Any CPU
		{A2E29CC3-A099-4DB9-84C4-4387E15D2E2A}.Debug|Any CPU.ActiveCfg = Debug|Any CPU
		{A2E29CC3-A099-4DB9-84C4-4387E15D2E2A}.Debug|Any CPU.Build.0 = Debug|Any CPU
		{A2E29CC3-A099-4DB9-84C4-4387E15D2E2A}.Release|Any CPU.ActiveCfg = Release|Any CPU
		{A2E29CC3-A099-4DB9-84C4-4387E15D2E2A}.Release|Any CPU.Build.0 = Release|Any CPU
		{A5B3C6BA-E67D-4AE6-B811-5ABB8AAD0C0B}.Debug|Any CPU.ActiveCfg = Debug|Any CPU
		{A5B3C6BA-E67D-4AE6-B811-5ABB8AAD0C0B}.Debug|Any CPU.Build.0 = Debug|Any CPU
		{A5B3C6BA-E67D-4AE6-B811-5ABB8AAD0C0B}.Release|Any CPU.ActiveCfg = Release|Any CPU
		{A5B3C6BA-E67D-4AE6-B811-5ABB8AAD0C0B}.Release|Any CPU.Build.0 = Release|Any CPU
		{6BC5399D-5BCD-4D82-A4B3-42789BDF70C3}.Debug|Any CPU.ActiveCfg = Debug|Any CPU
		{6BC5399D-5BCD-4D82-A4B3-42789BDF70C3}.Debug|Any CPU.Build.0 = Debug|Any CPU
		{6BC5399D-5BCD-4D82-A4B3-42789BDF70C3}.Release|Any CPU.ActiveCfg = Release|Any CPU
		{6BC5399D-5BCD-4D82-A4B3-42789BDF70C3}.Release|Any CPU.Build.0 = Release|Any CPU
		{1FDC3A63-E024-4165-BEE2-8065E85E275A}.Debug|Any CPU.ActiveCfg = Debug|Any CPU
		{1FDC3A63-E024-4165-BEE2-8065E85E275A}.Debug|Any CPU.Build.0 = Debug|Any CPU
		{1FDC3A63-E024-4165-BEE2-8065E85E275A}.Release|Any CPU.ActiveCfg = Release|Any CPU
		{1FDC3A63-E024-4165-BEE2-8065E85E275A}.Release|Any CPU.Build.0 = Release|Any CPU
	EndGlobalSection
	GlobalSection(SolutionProperties) = preSolution
		HideSolutionNode = FALSE
	EndGlobalSection
EndGlobal
