
Microsoft Visual Studio Solution File, Format Version 12.00
# Visual Studio 14
VisualStudioVersion = 14.0.24720.0
MinimumVisualStudioVersion = 10.0.40219.1
Project("{FAE04EC0-301F-11D3-BF4B-00C04F79EFBC}") = "GarageLogic", "GarageLogic\GarageLogic.csproj", "{75DDFCC6-7851-449F-861F-AC2162599EB2}"
EndProject
Project("{FAE04EC0-301F-11D3-BF4B-00C04F79EFBC}") = "ConsoleUI", "ConsoleUI\ConsoleUI.csproj", "{82043B6F-781B-4530-B30A-785E991685F3}"
EndProject
Project("{F088123C-0E9E-452A-89E6-6BA2F21D5CAC}") = "GarageLogicModeling", "GarageLogicModeling\GarageLogicModeling.modelproj", "{E172A602-0DF9-4831-B67E-9CDAB23C0C6D}"
EndProject
Global
	GlobalSection(SolutionConfigurationPlatforms) = preSolution
		Debug|Any CPU = Debug|Any CPU
		Release|Any CPU = Release|Any CPU
	EndGlobalSection
	GlobalSection(ProjectConfigurationPlatforms) = postSolution
		{75DDFCC6-7851-449F-861F-AC2162599EB2}.Debug|Any CPU.ActiveCfg = Debug|Any CPU
		{75DDFCC6-7851-449F-861F-AC2162599EB2}.Debug|Any CPU.Build.0 = Debug|Any CPU
		{75DDFCC6-7851-449F-861F-AC2162599EB2}.Release|Any CPU.ActiveCfg = Release|Any CPU
		{75DDFCC6-7851-449F-861F-AC2162599EB2}.Release|Any CPU.Build.0 = Release|Any CPU
		{82043B6F-781B-4530-B30A-785E991685F3}.Debug|Any CPU.ActiveCfg = Debug|Any CPU
		{82043B6F-781B-4530-B30A-785E991685F3}.Debug|Any CPU.Build.0 = Debug|Any CPU
		{82043B6F-781B-4530-B30A-785E991685F3}.Release|Any CPU.ActiveCfg = Release|Any CPU
		{82043B6F-781B-4530-B30A-785E991685F3}.Release|Any CPU.Build.0 = Release|Any CPU
		{E172A602-0DF9-4831-B67E-9CDAB23C0C6D}.Debug|Any CPU.ActiveCfg = Debug|Any CPU
		{E172A602-0DF9-4831-B67E-9CDAB23C0C6D}.Debug|Any CPU.Build.0 = Debug|Any CPU
		{E172A602-0DF9-4831-B67E-9CDAB23C0C6D}.Release|Any CPU.ActiveCfg = Release|Any CPU
		{E172A602-0DF9-4831-B67E-9CDAB23C0C6D}.Release|Any CPU.Build.0 = Release|Any CPU
	EndGlobalSection
	GlobalSection(SolutionProperties) = preSolution
		HideSolutionNode = FALSE
	EndGlobalSection
EndGlobal
